// !$*UTF8*$!
{
	archiveVersion = 1;
	classes = {
	};
	objectVersion = 56;
	objects = {

/* Begin PBXBuildFile section */
		C70BFB862CD2B317007E19E4 /* atividade4App.swift in Sources */ = {isa = PBXBuildFile; fileRef = C70BFB852CD2B317007E19E4 /* atividade4App.swift */; };
		C70BFB882CD2B317007E19E4 /* ContentView.swift in Sources */ = {isa = PBXBuildFile; fileRef = C70BFB872CD2B317007E19E4 /* ContentView.swift */; };
		C70BFB8A2CD2B318007E19E4 /* Assets.xcassets in Resources */ = {isa = PBXBuildFile; fileRef = C70BFB892CD2B318007E19E4 /* Assets.xcassets */; };
		C70BFB8D2CD2B318007E19E4 /* Preview Assets.xcassets in Resources */ = {isa = PBXBuildFile; fileRef = C70BFB8C2CD2B318007E19E4 /* Preview Assets.xcassets */; };
		C70BFB942CD2B4EC007E19E4 /* modoUm.swift in Sources */ = {isa = PBXBuildFile; fileRef = C70BFB932CD2B4EC007E19E4 /* modoUm.swift */; };
		C70BFB962CD2B5A5007E19E4 /* modoDois.swift in Sources */ = {isa = PBXBuildFile; fileRef = C70BFB952CD2B5A5007E19E4 /* modoDois.swift */; };
		C70BFB982CD2B5B2007E19E4 /* modoTres.swift in Sources */ = {isa = PBXBuildFile; fileRef = C70BFB972CD2B5B2007E19E4 /* modoTres.swift */; };
/* End PBXBuildFile section */

/* Begin PBXFileReference section */
		C70BFB822CD2B317007E19E4 /* atividade4.app */ = {isa = PBXFileReference; explicitFileType = wrapper.application; includeInIndex = 0; path = atividade4.app; sourceTree = BUILT_PRODUCTS_DIR; };
		C70BFB852CD2B317007E19E4 /* atividade4App.swift */ = {isa = PBXFileReference; lastKnownFileType = sourcecode.swift; path = atividade4App.swift; sourceTree = "<group>"; };
		C70BFB872CD2B317007E19E4 /* ContentView.swift */ = {isa = PBXFileReference; lastKnownFileType = sourcecode.swift; path = ContentView.swift; sourceTree = "<group>"; };
		C70BFB892CD2B318007E19E4 /* Assets.xcassets */ = {isa = PBXFileReference; lastKnownFileType = folder.assetcatalog; path = Assets.xcassets; sourceTree = "<group>"; };
		C70BFB8C2CD2B318007E19E4 /* Preview Assets.xcassets */ = {isa = PBXFileReference; lastKnownFileType = folder.assetcatalog; path = "Preview Assets.xcassets"; sourceTree = "<group>"; };
		C70BFB932CD2B4EC007E19E4 /* modoUm.swift */ = {isa = PBXFileReference; lastKnownFileType = sourcecode.swift; path = modoUm.swift; sourceTree = "<group>"; };
		C70BFB952CD2B5A5007E19E4 /* modoDois.swift */ = {isa = PBXFileReference; lastKnownFileType = sourcecode.swift; path = modoDois.swift; sourceTree = "<group>"; };
		C70BFB972CD2B5B2007E19E4 /* modoTres.swift */ = {isa = PBXFileReference; lastKnownFileType = sourcecode.swift; path = modoTres.swift; sourceTree = "<group>"; };
/* End PBXFileReference section */

/* Begin PBXFrameworksBuildPhase section */
		C70BFB7F2CD2B317007E19E4 /* Frameworks */ = {
			isa = PBXFrameworksBuildPhase;
			buildActionMask = 2147483647;
			files = (
			);
			runOnlyForDeploymentPostprocessing = 0;
		};
/* End PBXFrameworksBuildPhase section */

/* Begin PBXGroup section */
		C70BFB792CD2B317007E19E4 = {
			isa = PBXGroup;
			children = (
				C70BFB842CD2B317007E19E4 /* atividade4 */,
				C70BFB832CD2B317007E19E4 /* Products */,
			);
			sourceTree = "<group>";
		};
		C70BFB832CD2B317007E19E4 /* Products */ = {
			isa = PBXGroup;
			children = (
				C70BFB822CD2B317007E19E4 /* atividade4.app */,
			);
			name = Products;
			sourceTree = "<group>";
		};
		C70BFB842CD2B317007E19E4 /* atividade4 */ = {
			isa = PBXGroup;
			children = (
				C70BFB852CD2B317007E19E4 /* atividade4App.swift */,
				C70BFB872CD2B317007E19E4 /* ContentView.swift */,
				C70BFB892CD2B318007E19E4 /* Assets.xcassets */,
				C70BFB8B2CD2B318007E19E4 /* Preview Content */,
				C70BFB932CD2B4EC007E19E4 /* modoUm.swift */,
				C70BFB952CD2B5A5007E19E4 /* modoDois.swift */,
				C70BFB972CD2B5B2007E19E4 /* modoTres.swift */,
			);
			path = atividade4;
			sourceTree = "<group>";
		};
		C70BFB8B2CD2B318007E19E4 /* Preview Content */ = {
			isa = PBXGroup;
			children = (
				C70BFB8C2CD2B318007E19E4 /* Preview Assets.xcassets */,
			);
			path = "Preview Content";
			sourceTree = "<group>";
		};
/* End PBXGroup section */

/* Begin PBXNativeTarget section */
		C70BFB812CD2B317007E19E4 /* atividade4 */ = {
			isa = PBXNativeTarget;
			buildConfigurationList = C70BFB902CD2B318007E19E4 /* Build configuration list for PBXNativeTarget "atividade4" */;
			buildPhases = (
				C70BFB7E2CD2B317007E19E4 /* Sources */,
				C70BFB7F2CD2B317007E19E4 /* Frameworks */,
				C70BFB802CD2B317007E19E4 /* Resources */,
			);
			buildRules = (
			);
			dependencies = (
			);
			name = atividade4;
			productName = atividade4;
			productReference = C70BFB822CD2B317007E19E4 /* atividade4.app */;
			productType = "com.apple.product-type.application";
		};
/* End PBXNativeTarget section */

/* Begin PBXProject section */
		C70BFB7A2CD2B317007E19E4 /* Project object */ = {
			isa = PBXProject;
			attributes = {
				BuildIndependentTargetsInParallel = 1;
				LastSwiftUpdateCheck = 1540;
				LastUpgradeCheck = 1540;
				TargetAttributes = {
					C70BFB812CD2B317007E19E4 = {
						CreatedOnToolsVersion = 15.4;
					};
				};
			};
			buildConfigurationList = C70BFB7D2CD2B317007E19E4 /* Build configuration list for PBXProject "atividade4" */;
			compatibilityVersion = "Xcode 14.0";
			developmentRegion = en;
			hasScannedForEncodings = 0;
			knownRegions = (
				en,
				Base,
			);
			mainGroup = C70BFB792CD2B317007E19E4;
			productRefGroup = C70BFB832CD2B317007E19E4 /* Products */;
			projectDirPath = "";
			projectRoot = "";
			targets = (
				C70BFB812CD2B317007E19E4 /* atividade4 */,
			);
		};
/* End PBXProject section */

/* Begin PBXResourcesBuildPhase section */
		C70BFB802CD2B317007E19E4 /* Resources */ = {
			isa = PBXResourcesBuildPhase;
			buildActionMask = 2147483647;
			files = (
				C70BFB8D2CD2B318007E19E4 /* Preview Assets.xcassets in Resources */,
				C70BFB8A2CD2B318007E19E4 /* Assets.xcassets in Resources */,
			);
			runOnlyForDeploymentPostprocessing = 0;
		};
/* End PBXResourcesBuildPhase section */

/* Begin PBXSourcesBuildPhase section */
		C70BFB7E2CD2B317007E19E4 /* Sources */ = {
			isa = PBXSourcesBuildPhase;
			buildActionMask = 2147483647;
			files = (
				C70BFB982CD2B5B2007E19E4 /* modoTres.swift in Sources */,
				C70BFB942CD2B4EC007E19E4 /* modoUm.swift in Sources */,
				C70BFB882CD2B317007E19E4 /* ContentView.swift in Sources */,
				C70BFB862CD2B317007E19E4 /* atividade4App.swift in Sources */,
				C70BFB962CD2B5A5007E19E4 /* modoDois.swift in Sources */,
			);
			runOnlyForDeploymentPostprocessing = 0;
		};
/* End PBXSourcesBuildPhase section */

/* Begin XCBuildConfiguration section */
		C70BFB8E2CD2B318007E19E4 /* Debug */ = {
			isa = XCBuildConfiguration;
			buildSettings = {
				ALWAYS_SEARCH_USER_PATHS = NO;
				ASSETCATALOG_COMPILER_GENERATE_SWIFT_ASSET_SYMBOL_EXTENSIONS = YES;
				CLANG_ANALYZER_NONNULL = YES;
				CLANG_ANALYZER_NUMBER_OBJECT_CONVERSION = YES_AGGRESSIVE;
				CLANG_CXX_LANGUAGE_STANDARD = "gnu++20";
				CLANG_ENABLE_MODULES = YES;
				CLANG_ENABLE_OBJC_ARC = YES;
				CLANG_ENABLE_OBJC_WEAK = YES;
				CLANG_WARN_BLOCK_CAPTURE_AUTORELEASING = YES;
				CLANG_WARN_BOOL_CONVERSION = YES;
				CLANG_WARN_COMMA = YES;
				CLANG_WARN_CONSTANT_CONVERSION = YES;
				CLANG_WARN_DEPRECATED_OBJC_IMPLEMENTATIONS = YES;
				CLANG_WARN_DIRECT_OBJC_ISA_USAGE = YES_ERROR;
				CLANG_WARN_DOCUMENTATION_COMMENTS = YES;
				CLANG_WARN_EMPTY_BODY = YES;
				CLANG_WARN_ENUM_CONVERSION = YES;
				CLANG_WARN_INFINITE_RECURSION = YES;
				CLANG_WARN_INT_CONVERSION = YES;
				CLANG_WARN_NON_LITERAL_NULL_CONVERSION = YES;
				CLANG_WARN_OBJC_IMPLICIT_RETAIN_SELF = YES;
				CLANG_WARN_OBJC_LITERAL_CONVERSION = YES;
				CLANG_WARN_OBJC_ROOT_CLASS = YES_ERROR;
				CLANG_WARN_QUOTED_INCLUDE_IN_FRAMEWORK_HEADER = YES;
				CLANG_WARN_RANGE_LOOP_ANALYSIS = YES;
				CLANG_WARN_STRICT_PROTOTYPES = YES;
				CLANG_WARN_SUSPICIOUS_MOVE = YES;
				CLANG_WARN_UNGUARDED_AVAILABILITY = YES_AGGRESSIVE;
				CLANG_WARN_UNREACHABLE_CODE = YES;
				CLANG_WARN__DUPLICATE_METHOD_MATCH = YES;
				COPY_PHASE_STRIP = NO;
				DEBUG_INFORMATION_FORMAT = dwarf;
				ENABLE_STRICT_OBJC_MSGSEND = YES;
				ENABLE_TESTABILITY = YES;
				ENABLE_USER_SCRIPT_SANDBOXING = YES;
				GCC_C_LANGUAGE_STANDARD = gnu17;
				GCC_DYNAMIC_NO_PIC = NO;
				GCC_NO_COMMON_BLOCKS = YES;
				GCC_OPTIMIZATION_LEVEL = 0;
				GCC_PREPROCESSOR_DEFINITIONS = (
					"DEBUG=1",
					"$(inherited)",
				);
				GCC_WARN_64_TO_32_BIT_CONVERSION = YES;
				GCC_WARN_ABOUT_RETURN_TYPE = YES_ERROR;
				GCC_WARN_UNDECLARED_SELECTOR = YES;
				GCC_WARN_UNINITIALIZED_AUTOS = YES_AGGRESSIVE;
				GCC_WARN_UNUSED_FUNCTION = YES;
				GCC_WARN_UNUSED_VARIABLE = YES;
				IPHONEOS_DEPLOYMENT_TARGET = 17.5;
				LOCALIZATION_PREFERS_STRING_CATALOGS = YES;
				MTL_ENABLE_DEBUG_INFO = INCLUDE_SOURCE;
				MTL_FAST_MATH = YES;
				ONLY_ACTIVE_ARCH = YES;
				SDKROOT = iphoneos;
				SWIFT_ACTIVE_COMPILATION_CONDITIONS = "DEBUG $(inherited)";
				SWIFT_OPTIMIZATION_LEVEL = "-Onone";
			};
			name = Debug;
		};
		C70BFB8F2CD2B318007E19E4 /* Release */ = {
			isa = XCBuildConfiguration;
			buildSettings = {
				ALWAYS_SEARCH_USER_PATHS = NO;
				ASSETCATALOG_COMPILER_GENERATE_SWIFT_ASSET_SYMBOL_EXTENSIONS = YES;
				CLANG_ANALYZER_NONNULL = YES;
				CLANG_ANALYZER_NUMBER_OBJECT_CONVERSION = YES_AGGRESSIVE;
				CLANG_CXX_LANGUAGE_STANDARD = "gnu++20";
				CLANG_ENABLE_MODULES = YES;
				CLANG_ENABLE_OBJC_ARC = YES;
				CLANG_ENABLE_OBJC_WEAK = YES;
				CLANG_WARN_BLOCK_CAPTURE_AUTORELEASING = YES;
				CLANG_WARN_BOOL_CONVERSION = YES;
				CLANG_WARN_COMMA = YES;
				CLANG_WARN_CONSTANT_CONVERSION = YES;
				CLANG_WARN_DEPRECATED_OBJC_IMPLEMENTATIONS = YES;
				CLANG_WARN_DIRECT_OBJC_ISA_USAGE = YES_ERROR;
				CLANG_WARN_DOCUMENTATION_COMMENTS = YES;
				CLANG_WARN_EMPTY_BODY = YES;
				CLANG_WARN_ENUM_CONVERSION = YES;
				CLANG_WARN_INFINITE_RECURSION = YES;
				CLANG_WARN_INT_CONVERSION = YES;
				CLANG_WARN_NON_LITERAL_NULL_CONVERSION = YES;
				CLANG_WARN_OBJC_IMPLICIT_RETAIN_SELF = YES;
				CLANG_WARN_OBJC_LITERAL_CONVERSION = YES;
				CLANG_WARN_OBJC_ROOT_CLASS = YES_ERROR;
				CLANG_WARN_QUOTED_INCLUDE_IN_FRAMEWORK_HEADER = YES;
				CLANG_WARN_RANGE_LOOP_ANALYSIS = YES;
				CLANG_WARN_STRICT_PROTOTYPES = YES;
				CLANG_WARN_SUSPICIOUS_MOVE = YES;
				CLANG_WARN_UNGUARDED_AVAILABILITY = YES_AGGRESSIVE;
				CLANG_WARN_UNREACHABLE_CODE = YES;
				CLANG_WARN__DUPLICATE_METHOD_MATCH = YES;
				COPY_PHASE_STRIP = NO;
				DEBUG_INFORMATION_FORMAT = "dwarf-with-dsym";
				ENABLE_NS_ASSERTIONS = NO;
				ENABLE_STRICT_OBJC_MSGSEND = YES;
				ENABLE_USER_SCRIPT_SANDBOXING = YES;
				GCC_C_LANGUAGE_STANDARD = gnu17;
				GCC_NO_COMMON_BLOCKS = YES;
				GCC_WARN_64_TO_32_BIT_CONVERSION = YES;
				GCC_WARN_ABOUT_RETURN_TYPE = YES_ERROR;
				GCC_WARN_UNDECLARED_SELECTOR = YES;
				GCC_WARN_UNINITIALIZED_AUTOS = YES_AGGRESSIVE;
				GCC_WARN_UNUSED_FUNCTION = YES;
				GCC_WARN_UNUSED_VARIABLE = YES;
				IPHONEOS_DEPLOYMENT_TARGET = 17.5;
				LOCALIZATION_PREFERS_STRING_CATALOGS = YES;
				MTL_ENABLE_DEBUG_INFO = NO;
				MTL_FAST_MATH = YES;
				SDKROOT = iphoneos;
				SWIFT_COMPILATION_MODE = wholemodule;
				VALIDATE_PRODUCT = YES;
			};
			name = Release;
		};
		C70BFB912CD2B318007E19E4 /* Debug */ = {
			isa = XCBuildConfiguration;
			buildSettings = {
				ASSETCATALOG_COMPILER_APPICON_NAME = AppIcon;
				ASSETCATALOG_COMPILER_GLOBAL_ACCENT_COLOR_NAME = AccentColor;
				CODE_SIGN_STYLE = Automatic;
				CURRENT_PROJECT_VERSION = 1;
				DEVELOPMENT_ASSET_PATHS = "\"atividade4/Preview Content\"";
				ENABLE_PREVIEWS = YES;
				GENERATE_INFOPLIST_FILE = YES;
				INFOPLIST_KEY_UIApplicationSceneManifest_Generation = YES;
				INFOPLIST_KEY_UIApplicationSupportsIndirectInputEvents = YES;
				INFOPLIST_KEY_UILaunchScreen_Generation = YES;
				INFOPLIST_KEY_UISupportedInterfaceOrientations_iPad = "UIInterfaceOrientationPortrait UIInterfaceOrientationPortraitUpsideDown UIInterfaceOrientationLandscapeLeft UIInterfaceOrientationLandscapeRight";
				INFOPLIST_KEY_UISupportedInterfaceOrientations_iPhone = "UIInterfaceOrientationPortrait UIInterfaceOrientationLandscapeLeft UIInterfaceOrientationLandscapeRight";
				LD_RUNPATH_SEARCH_PATHS = (
					"$(inherited)",
					"@executable_path/Frameworks",
				);
				MARKETING_VERSION = 1.0;
				PRODUCT_BUNDLE_IDENTIFIER = LucasVinicius.atividade4;
				PRODUCT_NAME = "$(TARGET_NAME)";
				SWIFT_EMIT_LOC_STRINGS = YES;
				SWIFT_VERSION = 5.0;
				TARGETED_DEVICE_FAMILY = "1,2";
			};
			name = Debug;
		};
		C70BFB922CD2B318007E19E4 /* Release */ = {
			isa = XCBuildConfiguration;
			buildSettings = {
				ASSETCATALOG_COMPILER_APPICON_NAME = AppIcon;
				ASSETCATALOG_COMPILER_GLOBAL_ACCENT_COLOR_NAME = AccentColor;
				CODE_SIGN_STYLE = Automatic;
				CURRENT_PROJECT_VERSION = 1;
				DEVELOPMENT_ASSET_PATHS = "\"atividade4/Preview Content\"";
				ENABLE_PREVIEWS = YES;
				GENERATE_INFOPLIST_FILE = YES;
				INFOPLIST_KEY_UIApplicationSceneManifest_Generation = YES;
				INFOPLIST_KEY_UIApplicationSupportsIndirectInputEvents = YES;
				INFOPLIST_KEY_UILaunchScreen_Generation = YES;
				INFOPLIST_KEY_UISupportedInterfaceOrientations_iPad = "UIInterfaceOrientationPortrait UIInterfaceOrientationPortraitUpsideDown UIInterfaceOrientationLandscapeLeft UIInterfaceOrientationLandscapeRight";
				INFOPLIST_KEY_UISupportedInterfaceOrientations_iPhone = "UIInterfaceOrientationPortrait UIInterfaceOrientationLandscapeLeft UIInterfaceOrientationLandscapeRight";
				LD_RUNPATH_SEARCH_PATHS = (
					"$(inherited)",
					"@executable_path/Frameworks",
				);
				MARKETING_VERSION = 1.0;
				PRODUCT_BUNDLE_IDENTIFIER = LucasVinicius.atividade4;
				PRODUCT_NAME = "$(TARGET_NAME)";
				SWIFT_EMIT_LOC_STRINGS = YES;
				SWIFT_VERSION = 5.0;
				TARGETED_DEVICE_FAMILY = "1,2";
			};
			name = Release;
		};
/* End XCBuildConfiguration section */

/* Begin XCConfigurationList section */
		C70BFB7D2CD2B317007E19E4 /* Build configuration list for PBXProject "atividade4" */ = {
			isa = XCConfigurationList;
			buildConfigurations = (
				C70BFB8E2CD2B318007E19E4 /* Debug */,
				C70BFB8F2CD2B318007E19E4 /* Release */,
			);
			defaultConfigurationIsVisible = 0;
			defaultConfigurationName = Release;
		};
		C70BFB902CD2B318007E19E4 /* Build configuration list for PBXNativeTarget "atividade4" */ = {
			isa = XCConfigurationList;
			buildConfigurations = (
				C70BFB912CD2B318007E19E4 /* Debug */,
				C70BFB922CD2B318007E19E4 /* Release */,
			);
			defaultConfigurationIsVisible = 0;
			defaultConfigurationName = Release;
		};
/* End XCConfigurationList section */
	};
	rootObject = C70BFB7A2CD2B317007E19E4 /* Project object */;
}
