// !$*UTF8*$!
{
	archiveVersion = 1;
	classes = {
	};
	objectVersion = 56;
	objects = {

/* Begin PBXBuildFile section */
		C79B47D72CD5473D004F8CAF /* atividadeMapasApp.swift in Sources */ = {isa = PBXBuildFile; fileRef = C79B47D62CD5473D004F8CAF /* atividadeMapasApp.swift */; };
		C79B47D92CD5473D004F8CAF /* ContentView.swift in Sources */ = {isa = PBXBuildFile; fileRef = C79B47D82CD5473D004F8CAF /* ContentView.swift */; };
		C79B47DB2CD5473F004F8CAF /* Assets.xcassets in Resources */ = {isa = PBXBuildFile; fileRef = C79B47DA2CD5473F004F8CAF /* Assets.xcassets */; };
		C79B47DE2CD5473F004F8CAF /* Preview Assets.xcassets in Resources */ = {isa = PBXBuildFile; fileRef = C79B47DD2CD5473F004F8CAF /* Preview Assets.xcassets */; };
		C79B47E82CD5473F004F8CAF /* atividadeMapasTests.swift in Sources */ = {isa = PBXBuildFile; fileRef = C79B47E72CD5473F004F8CAF /* atividadeMapasTests.swift */; };
		C79B47F22CD5473F004F8CAF /* atividadeMapasUITests.swift in Sources */ = {isa = PBXBuildFile; fileRef = C79B47F12CD5473F004F8CAF /* atividadeMapasUITests.swift */; };
		C79B47F42CD5473F004F8CAF /* atividadeMapasUITestsLaunchTests.swift in Sources */ = {isa = PBXBuildFile; fileRef = C79B47F32CD5473F004F8CAF /* atividadeMapasUITestsLaunchTests.swift */; };
/* End PBXBuildFile section */

/* Begin PBXContainerItemProxy section */
		C79B47E42CD5473F004F8CAF /* PBXContainerItemProxy */ = {
			isa = PBXContainerItemProxy;
			containerPortal = C79B47CB2CD5473D004F8CAF /* Project object */;
			proxyType = 1;
			remoteGlobalIDString = C79B47D22CD5473D004F8CAF;
			remoteInfo = atividadeMapas;
		};
		C79B47EE2CD5473F004F8CAF /* PBXContainerItemProxy */ = {
			isa = PBXContainerItemProxy;
			containerPortal = C79B47CB2CD5473D004F8CAF /* Project object */;
			proxyType = 1;
			remoteGlobalIDString = C79B47D22CD5473D004F8CAF;
			remoteInfo = atividadeMapas;
		};
/* End PBXContainerItemProxy section */

/* Begin PBXFileReference section */
		C79B47D32CD5473D004F8CAF /* atividadeMapas.app */ = {isa = PBXFileReference; explicitFileType = wrapper.application; includeInIndex = 0; path = atividadeMapas.app; sourceTree = BUILT_PRODUCTS_DIR; };
		C79B47D62CD5473D004F8CAF /* atividadeMapasApp.swift */ = {isa = PBXFileReference; lastKnownFileType = sourcecode.swift; path = atividadeMapasApp.swift; sourceTree = "<group>"; };
		C79B47D82CD5473D004F8CAF /* ContentView.swift */ = {isa = PBXFileReference; lastKnownFileType = sourcecode.swift; path = ContentView.swift; sourceTree = "<group>"; };
		C79B47DA2CD5473F004F8CAF /* Assets.xcassets */ = {isa = PBXFileReference; lastKnownFileType = folder.assetcatalog; path = Assets.xcassets; sourceTree = "<group>"; };
		C79B47DD2CD5473F004F8CAF /* Preview Assets.xcassets */ = {isa = PBXFileReference; lastKnownFileType = folder.assetcatalog; path = "Preview Assets.xcassets"; sourceTree = "<group>"; };
		C79B47E32CD5473F004F8CAF /* atividadeMapasTests.xctest */ = {isa = PBXFileReference; explicitFileType = wrapper.cfbundle; includeInIndex = 0; path = atividadeMapasTests.xctest; sourceTree = BUILT_PRODUCTS_DIR; };
		C79B47E72CD5473F004F8CAF /* atividadeMapasTests.swift */ = {isa = PBXFileReference; lastKnownFileType = sourcecode.swift; path = atividadeMapasTests.swift; sourceTree = "<group>"; };
		C79B47ED2CD5473F004F8CAF /* atividadeMapasUITests.xctest */ = {isa = PBXFileReference; explicitFileType = wrapper.cfbundle; includeInIndex = 0; path = atividadeMapasUITests.xctest; sourceTree = BUILT_PRODUCTS_DIR; };
		C79B47F12CD5473F004F8CAF /* atividadeMapasUITests.swift */ = {isa = PBXFileReference; lastKnownFileType = sourcecode.swift; path = atividadeMapasUITests.swift; sourceTree = "<group>"; };
		C79B47F32CD5473F004F8CAF /* atividadeMapasUITestsLaunchTests.swift */ = {isa = PBXFileReference; lastKnownFileType = sourcecode.swift; path = atividadeMapasUITestsLaunchTests.swift; sourceTree = "<group>"; };
/* End PBXFileReference section */

/* Begin PBXFrameworksBuildPhase section */
		C79B47D02CD5473D004F8CAF /* Frameworks */ = {
			isa = PBXFrameworksBuildPhase;
			buildActionMask = 2147483647;
			files = (
			);
			runOnlyForDeploymentPostprocessing = 0;
		};
		C79B47E02CD5473F004F8CAF /* Frameworks */ = {
			isa = PBXFrameworksBuildPhase;
			buildActionMask = 2147483647;
			files = (
			);
			runOnlyForDeploymentPostprocessing = 0;
		};
		C79B47EA2CD5473F004F8CAF /* Frameworks */ = {
			isa = PBXFrameworksBuildPhase;
			buildActionMask = 2147483647;
			files = (
			);
			runOnlyForDeploymentPostprocessing = 0;
		};
/* End PBXFrameworksBuildPhase section */

/* Begin PBXGroup section */
		C79B47CA2CD5473D004F8CAF = {
			isa = PBXGroup;
			children = (
				C79B47D52CD5473D004F8CAF /* atividadeMapas */,
				C79B47E62CD5473F004F8CAF /* atividadeMapasTests */,
				C79B47F02CD5473F004F8CAF /* atividadeMapasUITests */,
				C79B47D42CD5473D004F8CAF /* Products */,
			);
			sourceTree = "<group>";
		};
		C79B47D42CD5473D004F8CAF /* Products */ = {
			isa = PBXGroup;
			children = (
				C79B47D32CD5473D004F8CAF /* atividadeMapas.app */,
				C79B47E32CD5473F004F8CAF /* atividadeMapasTests.xctest */,
				C79B47ED2CD5473F004F8CAF /* atividadeMapasUITests.xctest */,
			);
			name = Products;
			sourceTree = "<group>";
		};
		C79B47D52CD5473D004F8CAF /* atividadeMapas */ = {
			isa = PBXGroup;
			children = (
				C79B47D62CD5473D004F8CAF /* atividadeMapasApp.swift */,
				C79B47D82CD5473D004F8CAF /* ContentView.swift */,
				C79B47DA2CD5473F004F8CAF /* Assets.xcassets */,
				C79B47DC2CD5473F004F8CAF /* Preview Content */,
			);
			path = atividadeMapas;
			sourceTree = "<group>";
		};
		C79B47DC2CD5473F004F8CAF /* Preview Content */ = {
			isa = PBXGroup;
			children = (
				C79B47DD2CD5473F004F8CAF /* Preview Assets.xcassets */,
			);
			path = "Preview Content";
			sourceTree = "<group>";
		};
		C79B47E62CD5473F004F8CAF /* atividadeMapasTests */ = {
			isa = PBXGroup;
			children = (
				C79B47E72CD5473F004F8CAF /* atividadeMapasTests.swift */,
			);
			path = atividadeMapasTests;
			sourceTree = "<group>";
		};
		C79B47F02CD5473F004F8CAF /* atividadeMapasUITests */ = {
			isa = PBXGroup;
			children = (
				C79B47F12CD5473F004F8CAF /* atividadeMapasUITests.swift */,
				C79B47F32CD5473F004F8CAF /* atividadeMapasUITestsLaunchTests.swift */,
			);
			path = atividadeMapasUITests;
			sourceTree = "<group>";
		};
/* End PBXGroup section */

/* Begin PBXNativeTarget section */
		C79B47D22CD5473D004F8CAF /* atividadeMapas */ = {
			isa = PBXNativeTarget;
			buildConfigurationList = C79B47F72CD5473F004F8CAF /* Build configuration list for PBXNativeTarget "atividadeMapas" */;
			buildPhases = (
				C79B47CF2CD5473D004F8CAF /* Sources */,
				C79B47D02CD5473D004F8CAF /* Frameworks */,
				C79B47D12CD5473D004F8CAF /* Resources */,
			);
			buildRules = (
			);
			dependencies = (
			);
			name = atividadeMapas;
			productName = atividadeMapas;
			productReference = C79B47D32CD5473D004F8CAF /* atividadeMapas.app */;
			productType = "com.apple.product-type.application";
		};
		C79B47E22CD5473F004F8CAF /* atividadeMapasTests */ = {
			isa = PBXNativeTarget;
			buildConfigurationList = C79B47FA2CD5473F004F8CAF /* Build configuration list for PBXNativeTarget "atividadeMapasTests" */;
			buildPhases = (
				C79B47DF2CD5473F004F8CAF /* Sources */,
				C79B47E02CD5473F004F8CAF /* Frameworks */,
				C79B47E12CD5473F004F8CAF /* Resources */,
			);
			buildRules = (
			);
			dependencies = (
				C79B47E52CD5473F004F8CAF /* PBXTargetDependency */,
			);
			name = atividadeMapasTests;
			productName = atividadeMapasTests;
			productReference = C79B47E32CD5473F004F8CAF /* atividadeMapasTests.xctest */;
			productType = "com.apple.product-type.bundle.unit-test";
		};
		C79B47EC2CD5473F004F8CAF /* atividadeMapasUITests */ = {
			isa = PBXNativeTarget;
			buildConfigurationList = C79B47FD2CD5473F004F8CAF /* Build configuration list for PBXNativeTarget "atividadeMapasUITests" */;
			buildPhases = (
				C79B47E92CD5473F004F8CAF /* Sources */,
				C79B47EA2CD5473F004F8CAF /* Frameworks */,
				C79B47EB2CD5473F004F8CAF /* Resources */,
			);
			buildRules = (
			);
			dependencies = (
				C79B47EF2CD5473F004F8CAF /* PBXTargetDependency */,
			);
			name = atividadeMapasUITests;
			productName = atividadeMapasUITests;
			productReference = C79B47ED2CD5473F004F8CAF /* atividadeMapasUITests.xctest */;
			productType = "com.apple.product-type.bundle.ui-testing";
		};
/* End PBXNativeTarget section */

/* Begin PBXProject section */
		C79B47CB2CD5473D004F8CAF /* Project object */ = {
			isa = PBXProject;
			attributes = {
				BuildIndependentTargetsInParallel = 1;
				LastSwiftUpdateCheck = 1540;
				LastUpgradeCheck = 1540;
				TargetAttributes = {
					C79B47D22CD5473D004F8CAF = {
						CreatedOnToolsVersion = 15.4;
					};
					C79B47E22CD5473F004F8CAF = {
						CreatedOnToolsVersion = 15.4;
						TestTargetID = C79B47D22CD5473D004F8CAF;
					};
					C79B47EC2CD5473F004F8CAF = {
						CreatedOnToolsVersion = 15.4;
						TestTargetID = C79B47D22CD5473D004F8CAF;
					};
				};
			};
			buildConfigurationList = C79B47CE2CD5473D004F8CAF /* Build configuration list for PBXProject "atividadeMapas" */;
			compatibilityVersion = "Xcode 14.0";
			developmentRegion = en;
			hasScannedForEncodings = 0;
			knownRegions = (
				en,
				Base,
			);
			mainGroup = C79B47CA2CD5473D004F8CAF;
			productRefGroup = C79B47D42CD5473D004F8CAF /* Products */;
			projectDirPath = "";
			projectRoot = "";
			targets = (
				C79B47D22CD5473D004F8CAF /* atividadeMapas */,
				C79B47E22CD5473F004F8CAF /* atividadeMapasTests */,
				C79B47EC2CD5473F004F8CAF /* atividadeMapasUITests */,
			);
		};
/* End PBXProject section */

/* Begin PBXResourcesBuildPhase section */
		C79B47D12CD5473D004F8CAF /* Resources */ = {
			isa = PBXResourcesBuildPhase;
			buildActionMask = 2147483647;
			files = (
				C79B47DE2CD5473F004F8CAF /* Preview Assets.xcassets in Resources */,
				C79B47DB2CD5473F004F8CAF /* Assets.xcassets in Resources */,
			);
			runOnlyForDeploymentPostprocessing = 0;
		};
		C79B47E12CD5473F004F8CAF /* Resources */ = {
			isa = PBXResourcesBuildPhase;
			buildActionMask = 2147483647;
			files = (
			);
			runOnlyForDeploymentPostprocessing = 0;
		};
		C79B47EB2CD5473F004F8CAF /* Resources */ = {
			isa = PBXResourcesBuildPhase;
			buildActionMask = 2147483647;
			files = (
			);
			runOnlyForDeploymentPostprocessing = 0;
		};
/* End PBXResourcesBuildPhase section */

/* Begin PBXSourcesBuildPhase section */
		C79B47CF2CD5473D004F8CAF /* Sources */ = {
			isa = PBXSourcesBuildPhase;
			buildActionMask = 2147483647;
			files = (
				C79B47D92CD5473D004F8CAF /* ContentView.swift in Sources */,
				C79B47D72CD5473D004F8CAF /* atividadeMapasApp.swift in Sources */,
			);
			runOnlyForDeploymentPostprocessing = 0;
		};
		C79B47DF2CD5473F004F8CAF /* Sources */ = {
			isa = PBXSourcesBuildPhase;
			buildActionMask = 2147483647;
			files = (
				C79B47E82CD5473F004F8CAF /* atividadeMapasTests.swift in Sources */,
			);
			runOnlyForDeploymentPostprocessing = 0;
		};
		C79B47E92CD5473F004F8CAF /* Sources */ = {
			isa = PBXSourcesBuildPhase;
			buildActionMask = 2147483647;
			files = (
				C79B47F22CD5473F004F8CAF /* atividadeMapasUITests.swift in Sources */,
				C79B47F42CD5473F004F8CAF /* atividadeMapasUITestsLaunchTests.swift in Sources */,
			);
			runOnlyForDeploymentPostprocessing = 0;
		};
/* End PBXSourcesBuildPhase section */

/* Begin PBXTargetDependency section */
		C79B47E52CD5473F004F8CAF /* PBXTargetDependency */ = {
			isa = PBXTargetDependency;
			target = C79B47D22CD5473D004F8CAF /* atividadeMapas */;
			targetProxy = C79B47E42CD5473F004F8CAF /* PBXContainerItemProxy */;
		};
		C79B47EF2CD5473F004F8CAF /* PBXTargetDependency */ = {
			isa = PBXTargetDependency;
			target = C79B47D22CD5473D004F8CAF /* atividadeMapas */;
			targetProxy = C79B47EE2CD5473F004F8CAF /* PBXContainerItemProxy */;
		};
/* End PBXTargetDependency section */

/* Begin XCBuildConfiguration section */
		C79B47F52CD5473F004F8CAF /* Debug */ = {
			isa = XCBuildConfiguration;
			buildSettings = {
				ALWAYS_SEARCH_USER_PATHS = NO;
				ASSETCATALOG_COMPILER_GENERATE_SWIFT_ASSET_SYMBOL_EXTENSIONS = YES;
				CLANG_ANALYZER_NONNULL = YES;
				CLANG_ANALYZER_NUMBER_OBJECT_CONVERSION = YES_AGGRESSIVE;
				CLANG_CXX_LANGUAGE_STANDARD = "gnu++20";
				CLANG_ENABLE_MODULES = YES;
				CLANG_ENABLE_OBJC_ARC = YES;
				CLANG_ENABLE_OBJC_WEAK = YES;
				CLANG_WARN_BLOCK_CAPTURE_AUTORELEASING = YES;
				CLANG_WARN_BOOL_CONVERSION = YES;
				CLANG_WARN_COMMA = YES;
				CLANG_WARN_CONSTANT_CONVERSION = YES;
				CLANG_WARN_DEPRECATED_OBJC_IMPLEMENTATIONS = YES;
				CLANG_WARN_DIRECT_OBJC_ISA_USAGE = YES_ERROR;
				CLANG_WARN_DOCUMENTATION_COMMENTS = YES;
				CLANG_WARN_EMPTY_BODY = YES;
				CLANG_WARN_ENUM_CONVERSION = YES;
				CLANG_WARN_INFINITE_RECURSION = YES;
				CLANG_WARN_INT_CONVERSION = YES;
				CLANG_WARN_NON_LITERAL_NULL_CONVERSION = YES;
				CLANG_WARN_OBJC_IMPLICIT_RETAIN_SELF = YES;
				CLANG_WARN_OBJC_LITERAL_CONVERSION = YES;
				CLANG_WARN_OBJC_ROOT_CLASS = YES_ERROR;
				CLANG_WARN_QUOTED_INCLUDE_IN_FRAMEWORK_HEADER = YES;
				CLANG_WARN_RANGE_LOOP_ANALYSIS = YES;
				CLANG_WARN_STRICT_PROTOTYPES = YES;
				CLANG_WARN_SUSPICIOUS_MOVE = YES;
				CLANG_WARN_UNGUARDED_AVAILABILITY = YES_AGGRESSIVE;
				CLANG_WARN_UNREACHABLE_CODE = YES;
				CLANG_WARN__DUPLICATE_METHOD_MATCH = YES;
				COPY_PHASE_STRIP = NO;
				DEBUG_INFORMATION_FORMAT = dwarf;
				ENABLE_STRICT_OBJC_MSGSEND = YES;
				ENABLE_TESTABILITY = YES;
				ENABLE_USER_SCRIPT_SANDBOXING = YES;
				GCC_C_LANGUAGE_STANDARD = gnu17;
				GCC_DYNAMIC_NO_PIC = NO;
				GCC_NO_COMMON_BLOCKS = YES;
				GCC_OPTIMIZATION_LEVEL = 0;
				GCC_PREPROCESSOR_DEFINITIONS = (
					"DEBUG=1",
					"$(inherited)",
				);
				GCC_WARN_64_TO_32_BIT_CONVERSION = YES;
				GCC_WARN_ABOUT_RETURN_TYPE = YES_ERROR;
				GCC_WARN_UNDECLARED_SELECTOR = YES;
				GCC_WARN_UNINITIALIZED_AUTOS = YES_AGGRESSIVE;
				GCC_WARN_UNUSED_FUNCTION = YES;
				GCC_WARN_UNUSED_VARIABLE = YES;
				IPHONEOS_DEPLOYMENT_TARGET = 17.5;
				LOCALIZATION_PREFERS_STRING_CATALOGS = YES;
				MTL_ENABLE_DEBUG_INFO = INCLUDE_SOURCE;
				MTL_FAST_MATH = YES;
				ONLY_ACTIVE_ARCH = YES;
				SDKROOT = iphoneos;
				SWIFT_ACTIVE_COMPILATION_CONDITIONS = "DEBUG $(inherited)";
				SWIFT_OPTIMIZATION_LEVEL = "-Onone";
			};
			name = Debug;
		};
		C79B47F62CD5473F004F8CAF /* Release */ = {
			isa = XCBuildConfiguration;
			buildSettings = {
				ALWAYS_SEARCH_USER_PATHS = NO;
				ASSETCATALOG_COMPILER_GENERATE_SWIFT_ASSET_SYMBOL_EXTENSIONS = YES;
				CLANG_ANALYZER_NONNULL = YES;
				CLANG_ANALYZER_NUMBER_OBJECT_CONVERSION = YES_AGGRESSIVE;
				CLANG_CXX_LANGUAGE_STANDARD = "gnu++20";
				CLANG_ENABLE_MODULES = YES;
				CLANG_ENABLE_OBJC_ARC = YES;
				CLANG_ENABLE_OBJC_WEAK = YES;
				CLANG_WARN_BLOCK_CAPTURE_AUTORELEASING = YES;
				CLANG_WARN_BOOL_CONVERSION = YES;
				CLANG_WARN_COMMA = YES;
				CLANG_WARN_CONSTANT_CONVERSION = YES;
				CLANG_WARN_DEPRECATED_OBJC_IMPLEMENTATIONS = YES;
				CLANG_WARN_DIRECT_OBJC_ISA_USAGE = YES_ERROR;
				CLANG_WARN_DOCUMENTATION_COMMENTS = YES;
				CLANG_WARN_EMPTY_BODY = YES;
				CLANG_WARN_ENUM_CONVERSION = YES;
				CLANG_WARN_INFINITE_RECURSION = YES;
				CLANG_WARN_INT_CONVERSION = YES;
				CLANG_WARN_NON_LITERAL_NULL_CONVERSION = YES;
				CLANG_WARN_OBJC_IMPLICIT_RETAIN_SELF = YES;
				CLANG_WARN_OBJC_LITERAL_CONVERSION = YES;
				CLANG_WARN_OBJC_ROOT_CLASS = YES_ERROR;
				CLANG_WARN_QUOTED_INCLUDE_IN_FRAMEWORK_HEADER = YES;
				CLANG_WARN_RANGE_LOOP_ANALYSIS = YES;
				CLANG_WARN_STRICT_PROTOTYPES = YES;
				CLANG_WARN_SUSPICIOUS_MOVE = YES;
				CLANG_WARN_UNGUARDED_AVAILABILITY = YES_AGGRESSIVE;
				CLANG_WARN_UNREACHABLE_CODE = YES;
				CLANG_WARN__DUPLICATE_METHOD_MATCH = YES;
				COPY_PHASE_STRIP = NO;
				DEBUG_INFORMATION_FORMAT = "dwarf-with-dsym";
				ENABLE_NS_ASSERTIONS = NO;
				ENABLE_STRICT_OBJC_MSGSEND = YES;
				ENABLE_USER_SCRIPT_SANDBOXING = YES;
				GCC_C_LANGUAGE_STANDARD = gnu17;
				GCC_NO_COMMON_BLOCKS = YES;
				GCC_WARN_64_TO_32_BIT_CONVERSION = YES;
				GCC_WARN_ABOUT_RETURN_TYPE = YES_ERROR;
				GCC_WARN_UNDECLARED_SELECTOR = YES;
				GCC_WARN_UNINITIALIZED_AUTOS = YES_AGGRESSIVE;
				GCC_WARN_UNUSED_FUNCTION = YES;
				GCC_WARN_UNUSED_VARIABLE = YES;
				IPHONEOS_DEPLOYMENT_TARGET = 17.5;
				LOCALIZATION_PREFERS_STRING_CATALOGS = YES;
				MTL_ENABLE_DEBUG_INFO = NO;
				MTL_FAST_MATH = YES;
				SDKROOT = iphoneos;
				SWIFT_COMPILATION_MODE = wholemodule;
				VALIDATE_PRODUCT = YES;
			};
			name = Release;
		};
		C79B47F82CD5473F004F8CAF /* Debug */ = {
			isa = XCBuildConfiguration;
			buildSettings = {
				ASSETCATALOG_COMPILER_APPICON_NAME = AppIcon;
				ASSETCATALOG_COMPILER_GLOBAL_ACCENT_COLOR_NAME = AccentColor;
				CODE_SIGN_STYLE = Automatic;
				CURRENT_PROJECT_VERSION = 1;
				DEVELOPMENT_ASSET_PATHS = "\"atividadeMapas/Preview Content\"";
				ENABLE_PREVIEWS = YES;
				GENERATE_INFOPLIST_FILE = YES;
				INFOPLIST_KEY_UIApplicationSceneManifest_Generation = YES;
				INFOPLIST_KEY_UIApplicationSupportsIndirectInputEvents = YES;
				INFOPLIST_KEY_UILaunchScreen_Generation = YES;
				INFOPLIST_KEY_UISupportedInterfaceOrientations_iPad = "UIInterfaceOrientationPortrait UIInterfaceOrientationPortraitUpsideDown UIInterfaceOrientationLandscapeLeft UIInterfaceOrientationLandscapeRight";
				INFOPLIST_KEY_UISupportedInterfaceOrientations_iPhone = "UIInterfaceOrientationPortrait UIInterfaceOrientationLandscapeLeft UIInterfaceOrientationLandscapeRight";
				LD_RUNPATH_SEARCH_PATHS = (
					"$(inherited)",
					"@executable_path/Frameworks",
				);
				MARKETING_VERSION = 1.0;
				PRODUCT_BUNDLE_IDENTIFIER = com.br.kalil.atividadeMapas;
				PRODUCT_NAME = "$(TARGET_NAME)";
				SWIFT_EMIT_LOC_STRINGS = YES;
				SWIFT_VERSION = 5.0;
				TARGETED_DEVICE_FAMILY = "1,2";
			};
			name = Debug;
		};
		C79B47F92CD5473F004F8CAF /* Release */ = {
			isa = XCBuildConfiguration;
			buildSettings = {
				ASSETCATALOG_COMPILER_APPICON_NAME = AppIcon;
				ASSETCATALOG_COMPILER_GLOBAL_ACCENT_COLOR_NAME = AccentColor;
				CODE_SIGN_STYLE = Automatic;
				CURRENT_PROJECT_VERSION = 1;
				DEVELOPMENT_ASSET_PATHS = "\"atividadeMapas/Preview Content\"";
				ENABLE_PREVIEWS = YES;
				GENERATE_INFOPLIST_FILE = YES;
				INFOPLIST_KEY_UIApplicationSceneManifest_Generation = YES;
				INFOPLIST_KEY_UIApplicationSupportsIndirectInputEvents = YES;
				INFOPLIST_KEY_UILaunchScreen_Generation = YES;
				INFOPLIST_KEY_UISupportedInterfaceOrientations_iPad = "UIInterfaceOrientationPortrait UIInterfaceOrientationPortraitUpsideDown UIInterfaceOrientationLandscapeLeft UIInterfaceOrientationLandscapeRight";
				INFOPLIST_KEY_UISupportedInterfaceOrientations_iPhone = "UIInterfaceOrientationPortrait UIInterfaceOrientationLandscapeLeft UIInterfaceOrientationLandscapeRight";
				LD_RUNPATH_SEARCH_PATHS = (
					"$(inherited)",
					"@executable_path/Frameworks",
				);
				MARKETING_VERSION = 1.0;
				PRODUCT_BUNDLE_IDENTIFIER = com.br.kalil.atividadeMapas;
				PRODUCT_NAME = "$(TARGET_NAME)";
				SWIFT_EMIT_LOC_STRINGS = YES;
				SWIFT_VERSION = 5.0;
				TARGETED_DEVICE_FAMILY = "1,2";
			};
			name = Release;
		};
		C79B47FB2CD5473F004F8CAF /* Debug */ = {
			isa = XCBuildConfiguration;
			buildSettings = {
				ALWAYS_EMBED_SWIFT_STANDARD_LIBRARIES = YES;
				BUNDLE_LOADER = "$(TEST_HOST)";
				CODE_SIGN_STYLE = Automatic;
				CURRENT_PROJECT_VERSION = 1;
				GENERATE_INFOPLIST_FILE = YES;
				IPHONEOS_DEPLOYMENT_TARGET = 17.5;
				MARKETING_VERSION = 1.0;
				PRODUCT_BUNDLE_IDENTIFIER = com.br.kalil.atividadeMapasTests;
				PRODUCT_NAME = "$(TARGET_NAME)";
				SWIFT_EMIT_LOC_STRINGS = NO;
				SWIFT_VERSION = 5.0;
				TARGETED_DEVICE_FAMILY = "1,2";
				TEST_HOST = "$(BUILT_PRODUCTS_DIR)/atividadeMapas.app/$(BUNDLE_EXECUTABLE_FOLDER_PATH)/atividadeMapas";
			};
			name = Debug;
		};
		C79B47FC2CD5473F004F8CAF /* Release */ = {
			isa = XCBuildConfiguration;
			buildSettings = {
				ALWAYS_EMBED_SWIFT_STANDARD_LIBRARIES = YES;
				BUNDLE_LOADER = "$(TEST_HOST)";
				CODE_SIGN_STYLE = Automatic;
				CURRENT_PROJECT_VERSION = 1;
				GENERATE_INFOPLIST_FILE = YES;
				IPHONEOS_DEPLOYMENT_TARGET = 17.5;
				MARKETING_VERSION = 1.0;
				PRODUCT_BUNDLE_IDENTIFIER = com.br.kalil.atividadeMapasTests;
				PRODUCT_NAME = "$(TARGET_NAME)";
				SWIFT_EMIT_LOC_STRINGS = NO;
				SWIFT_VERSION = 5.0;
				TARGETED_DEVICE_FAMILY = "1,2";
				TEST_HOST = "$(BUILT_PRODUCTS_DIR)/atividadeMapas.app/$(BUNDLE_EXECUTABLE_FOLDER_PATH)/atividadeMapas";
			};
			name = Release;
		};
		C79B47FE2CD5473F004F8CAF /* Debug */ = {
			isa = XCBuildConfiguration;
			buildSettings = {
				ALWAYS_EMBED_SWIFT_STANDARD_LIBRARIES = YES;
				CODE_SIGN_STYLE = Automatic;
				CURRENT_PROJECT_VERSION = 1;
				GENERATE_INFOPLIST_FILE = YES;
				MARKETING_VERSION = 1.0;
				PRODUCT_BUNDLE_IDENTIFIER = com.br.kalil.atividadeMapasUITests;
				PRODUCT_NAME = "$(TARGET_NAME)";
				SWIFT_EMIT_LOC_STRINGS = NO;
				SWIFT_VERSION = 5.0;
				TARGETED_DEVICE_FAMILY = "1,2";
				TEST_TARGET_NAME = atividadeMapas;
			};
			name = Debug;
		};
		C79B47FF2CD5473F004F8CAF /* Release */ = {
			isa = XCBuildConfiguration;
			buildSettings = {
				ALWAYS_EMBED_SWIFT_STANDARD_LIBRARIES = YES;
				CODE_SIGN_STYLE = Automatic;
				CURRENT_PROJECT_VERSION = 1;
				GENERATE_INFOPLIST_FILE = YES;
				MARKETING_VERSION = 1.0;
				PRODUCT_BUNDLE_IDENTIFIER = com.br.kalil.atividadeMapasUITests;
				PRODUCT_NAME = "$(TARGET_NAME)";
				SWIFT_EMIT_LOC_STRINGS = NO;
				SWIFT_VERSION = 5.0;
				TARGETED_DEVICE_FAMILY = "1,2";
				TEST_TARGET_NAME = atividadeMapas;
			};
			name = Release;
		};
/* End XCBuildConfiguration section */

/* Begin XCConfigurationList section */
		C79B47CE2CD5473D004F8CAF /* Build configuration list for PBXProject "atividadeMapas" */ = {
			isa = XCConfigurationList;
			buildConfigurations = (
				C79B47F52CD5473F004F8CAF /* Debug */,
				C79B47F62CD5473F004F8CAF /* Release */,
			);
			defaultConfigurationIsVisible = 0;
			defaultConfigurationName = Release;
		};
		C79B47F72CD5473F004F8CAF /* Build configuration list for PBXNativeTarget "atividadeMapas" */ = {
			isa = XCConfigurationList;
			buildConfigurations = (
				C79B47F82CD5473F004F8CAF /* Debug */,
				C79B47F92CD5473F004F8CAF /* Release */,
			);
			defaultConfigurationIsVisible = 0;
			defaultConfigurationName = Release;
		};
		C79B47FA2CD5473F004F8CAF /* Build configuration list for PBXNativeTarget "atividadeMapasTests" */ = {
			isa = XCConfigurationList;
			buildConfigurations = (
				C79B47FB2CD5473F004F8CAF /* Debug */,
				C79B47FC2CD5473F004F8CAF /* Release */,
			);
			defaultConfigurationIsVisible = 0;
			defaultConfigurationName = Release;
		};
		C79B47FD2CD5473F004F8CAF /* Build configuration list for PBXNativeTarget "atividadeMapasUITests" */ = {
			isa = XCConfigurationList;
			buildConfigurations = (
				C79B47FE2CD5473F004F8CAF /* Debug */,
				C79B47FF2CD5473F004F8CAF /* Release */,
			);
			defaultConfigurationIsVisible = 0;
			defaultConfigurationName = Release;
		};
/* End XCConfigurationList section */
	};
	rootObject = C79B47CB2CD5473D004F8CAF /* Project object */;
}
